// !$*UTF8*$!
{
	archiveVersion = 1;
	classes = {
	};
	objectVersion = 46;
	objects = {

/* Begin PBXBuildFile section */
		5EAB70D61E81683E00471F18 /* SettingViewController.swift in Sources */ = {isa = PBXBuildFile; fileRef = 5EAB70D51E81683E00471F18 /* SettingViewController.swift */; };
		9F67A3F91E57435C002958A3 /* AppDelegate.swift in Sources */ = {isa = PBXBuildFile; fileRef = 9F67A3F81E57435C002958A3 /* AppDelegate.swift */; };
		9F67A3FE1E57435D002958A3 /* Main.storyboard in Resources */ = {isa = PBXBuildFile; fileRef = 9F67A3FC1E57435D002958A3 /* Main.storyboard */; };
		9F67A4001E57435D002958A3 /* Assets.xcassets in Resources */ = {isa = PBXBuildFile; fileRef = 9F67A3FF1E57435D002958A3 /* Assets.xcassets */; };
		9F67A4031E57435D002958A3 /* LaunchScreen.storyboard in Resources */ = {isa = PBXBuildFile; fileRef = 9F67A4011E57435D002958A3 /* LaunchScreen.storyboard */; };
		9F67A40B1E5744FA002958A3 /* BJViewController.swift in Sources */ = {isa = PBXBuildFile; fileRef = 9F67A40A1E5744FA002958A3 /* BJViewController.swift */; };
		9F67A40D1E574748002958A3 /* card.swift in Sources */ = {isa = PBXBuildFile; fileRef = 9F67A40C1E574748002958A3 /* card.swift */; };
/* End PBXBuildFile section */

/* Begin PBXFileReference section */
		5EAB70D51E81683E00471F18 /* SettingViewController.swift */ = {isa = PBXFileReference; fileEncoding = 4; lastKnownFileType = sourcecode.swift; path = SettingViewController.swift; sourceTree = "<group>"; };
		9F67A3F51E57435C002958A3 /* BlackJack.app */ = {isa = PBXFileReference; explicitFileType = wrapper.application; includeInIndex = 0; path = BlackJack.app; sourceTree = BUILT_PRODUCTS_DIR; };
		9F67A3F81E57435C002958A3 /* AppDelegate.swift */ = {isa = PBXFileReference; lastKnownFileType = sourcecode.swift; path = AppDelegate.swift; sourceTree = "<group>"; };
		9F67A3FD1E57435D002958A3 /* Base */ = {isa = PBXFileReference; lastKnownFileType = file.storyboard; name = Base; path = Base.lproj/Main.storyboard; sourceTree = "<group>"; };
		9F67A3FF1E57435D002958A3 /* Assets.xcassets */ = {isa = PBXFileReference; lastKnownFileType = folder.assetcatalog; path = Assets.xcassets; sourceTree = "<group>"; };
		9F67A4021E57435D002958A3 /* Base */ = {isa = PBXFileReference; lastKnownFileType = file.storyboard; name = Base; path = Base.lproj/LaunchScreen.storyboard; sourceTree = "<group>"; };
		9F67A4041E57435E002958A3 /* Info.plist */ = {isa = PBXFileReference; lastKnownFileType = text.plist.xml; path = Info.plist; sourceTree = "<group>"; };
		9F67A40A1E5744FA002958A3 /* BJViewController.swift */ = {isa = PBXFileReference; fileEncoding = 4; lastKnownFileType = sourcecode.swift; path = BJViewController.swift; sourceTree = "<group>"; };
		9F67A40C1E574748002958A3 /* card.swift */ = {isa = PBXFileReference; fileEncoding = 4; lastKnownFileType = sourcecode.swift; path = card.swift; sourceTree = "<group>"; };
/* End PBXFileReference section */

/* Begin PBXFrameworksBuildPhase section */
		9F67A3F21E57435C002958A3 /* Frameworks */ = {
			isa = PBXFrameworksBuildPhase;
			buildActionMask = 2147483647;
			files = (
			);
			runOnlyForDeploymentPostprocessing = 0;
		};
/* End PBXFrameworksBuildPhase section */

/* Begin PBXGroup section */
		9F67A3EC1E57435C002958A3 = {
			isa = PBXGroup;
			children = (
				9F67A3F71E57435C002958A3 /* BlackJack */,
				9F67A3F61E57435C002958A3 /* Products */,
			);
			sourceTree = "<group>";
		};
		9F67A3F61E57435C002958A3 /* Products */ = {
			isa = PBXGroup;
			children = (
				9F67A3F51E57435C002958A3 /* BlackJack.app */,
			);
			name = Products;
			sourceTree = "<group>";
		};
		9F67A3F71E57435C002958A3 /* BlackJack */ = {
			isa = PBXGroup;
			children = (
				9F67A3F81E57435C002958A3 /* AppDelegate.swift */,
				9F67A40A1E5744FA002958A3 /* BJViewController.swift */,
				5EAB70D51E81683E00471F18 /* SettingViewController.swift */,
				9F67A3FC1E57435D002958A3 /* Main.storyboard */,
				9F67A40C1E574748002958A3 /* card.swift */,
				9F67A3FF1E57435D002958A3 /* Assets.xcassets */,
				9F67A4011E57435D002958A3 /* LaunchScreen.storyboard */,
				9F67A4041E57435E002958A3 /* Info.plist */,
			);
			path = BlackJack;
			sourceTree = "<group>";
		};
/* End PBXGroup section */

/* Begin PBXNativeTarget section */
		9F67A3F41E57435C002958A3 /* BlackJack */ = {
			isa = PBXNativeTarget;
			buildConfigurationList = 9F67A4071E57435E002958A3 /* Build configuration list for PBXNativeTarget "BlackJack" */;
			buildPhases = (
				9F67A3F11E57435C002958A3 /* Sources */,
				9F67A3F21E57435C002958A3 /* Frameworks */,
				9F67A3F31E57435C002958A3 /* Resources */,
			);
			buildRules = (
			);
			dependencies = (
			);
			name = BlackJack;
			productName = BlackJack;
			productReference = 9F67A3F51E57435C002958A3 /* BlackJack.app */;
			productType = "com.apple.product-type.application";
		};
/* End PBXNativeTarget section */

/* Begin PBXProject section */
		9F67A3ED1E57435C002958A3 /* Project object */ = {
			isa = PBXProject;
			attributes = {
				LastSwiftUpdateCheck = 0800;
				LastUpgradeCheck = 0800;
				ORGANIZATIONNAME = CBC.case.edu;
				TargetAttributes = {
					9F67A3F41E57435C002958A3 = {
						CreatedOnToolsVersion = 8.0;
						DevelopmentTeam = GF7ZDB8DRS;
						ProvisioningStyle = Automatic;
					};
				};
			};
			buildConfigurationList = 9F67A3F01E57435C002958A3 /* Build configuration list for PBXProject "BlackJack" */;
			compatibilityVersion = "Xcode 3.2";
			developmentRegion = English;
			hasScannedForEncodings = 0;
			knownRegions = (
				en,
				Base,
			);
			mainGroup = 9F67A3EC1E57435C002958A3;
			productRefGroup = 9F67A3F61E57435C002958A3 /* Products */;
			projectDirPath = "";
			projectRoot = "";
			targets = (
				9F67A3F41E57435C002958A3 /* BlackJack */,
			);
		};
/* End PBXProject section */

/* Begin PBXResourcesBuildPhase section */
		9F67A3F31E57435C002958A3 /* Resources */ = {
			isa = PBXResourcesBuildPhase;
			buildActionMask = 2147483647;
			files = (
				9F67A4031E57435D002958A3 /* LaunchScreen.storyboard in Resources */,
				9F67A4001E57435D002958A3 /* Assets.xcassets in Resources */,
				9F67A3FE1E57435D002958A3 /* Main.storyboard in Resources */,
			);
			runOnlyForDeploymentPostprocessing = 0;
		};
/* End PBXResourcesBuildPhase section */

/* Begin PBXSourcesBuildPhase section */
		9F67A3F11E57435C002958A3 /* Sources */ = {
			isa = PBXSourcesBuildPhase;
			buildActionMask = 2147483647;
			files = (
				9F67A40D1E574748002958A3 /* card.swift in Sources */,
				9F67A3F91E57435C002958A3 /* AppDelegate.swift in Sources */,
				9F67A40B1E5744FA002958A3 /* BJViewController.swift in Sources */,
				5EAB70D61E81683E00471F18 /* SettingViewController.swift in Sources */,
			);
			runOnlyForDeploymentPostprocessing = 0;
		};
/* End PBXSourcesBuildPhase section */

/* Begin PBXVariantGroup section */
		9F67A3FC1E57435D002958A3 /* Main.storyboard */ = {
			isa = PBXVariantGroup;
			children = (
				9F67A3FD1E57435D002958A3 /* Base */,
			);
			name = Main.storyboard;
			sourceTree = "<group>";
		};
		9F67A4011E57435D002958A3 /* LaunchScreen.storyboard */ = {
			isa = PBXVariantGroup;
			children = (
				9F67A4021E57435D002958A3 /* Base */,
			);
			name = LaunchScreen.storyboard;
			sourceTree = "<group>";
		};
/* End PBXVariantGroup section */

/* Begin XCBuildConfiguration section */
		9F67A4051E57435E002958A3 /* Debug */ = {
			isa = XCBuildConfiguration;
			buildSettings = {
				ALWAYS_SEARCH_USER_PATHS = NO;
				CLANG_ANALYZER_NONNULL = YES;
				CLANG_CXX_LANGUAGE_STANDARD = "gnu++0x";
				CLANG_CXX_LIBRARY = "libc++";
				CLANG_ENABLE_MODULES = YES;
				CLANG_ENABLE_OBJC_ARC = YES;
				CLANG_WARN_BOOL_CONVERSION = YES;
				CLANG_WARN_CONSTANT_CONVERSION = YES;
				CLANG_WARN_DIRECT_OBJC_ISA_USAGE = YES_ERROR;
				CLANG_WARN_DOCUMENTATION_COMMENTS = YES;
				CLANG_WARN_EMPTY_BODY = YES;
				CLANG_WARN_ENUM_CONVERSION = YES;
				CLANG_WARN_INFINITE_RECURSION = YES;
				CLANG_WARN_INT_CONVERSION = YES;
				CLANG_WARN_OBJC_ROOT_CLASS = YES_ERROR;
				CLANG_WARN_SUSPICIOUS_MOVES = YES;
				CLANG_WARN_UNREACHABLE_CODE = YES;
				CLANG_WARN__DUPLICATE_METHOD_MATCH = YES;
				"CODE_SIGN_IDENTITY[sdk=iphoneos*]" = "iPhone Developer";
				COPY_PHASE_STRIP = NO;
				DEBUG_INFORMATION_FORMAT = dwarf;
				ENABLE_STRICT_OBJC_MSGSEND = YES;
				ENABLE_TESTABILITY = YES;
				GCC_C_LANGUAGE_STANDARD = gnu99;
				GCC_DYNAMIC_NO_PIC = NO;
				GCC_NO_COMMON_BLOCKS = YES;
				GCC_OPTIMIZATION_LEVEL = 0;
				GCC_PREPROCESSOR_DEFINITIONS = (
					"DEBUG=1",
					"$(inherited)",
				);
				GCC_WARN_64_TO_32_BIT_CONVERSION = YES;
				GCC_WARN_ABOUT_RETURN_TYPE = YES_ERROR;
				GCC_WARN_UNDECLARED_SELECTOR = YES;
				GCC_WARN_UNINITIALIZED_AUTOS = YES_AGGRESSIVE;
				GCC_WARN_UNUSED_FUNCTION = YES;
				GCC_WARN_UNUSED_VARIABLE = YES;
				IPHONEOS_DEPLOYMENT_TARGET = 10.0;
				MTL_ENABLE_DEBUG_INFO = YES;
				ONLY_ACTIVE_ARCH = YES;
				SDKROOT = iphoneos;
				SWIFT_ACTIVE_COMPILATION_CONDITIONS = DEBUG;
				SWIFT_OPTIMIZATION_LEVEL = "-Onone";
			};
			name = Debug;
		};
		9F67A4061E57435E002958A3 /* Release */ = {
			isa = XCBuildConfiguration;
			buildSettings = {
				ALWAYS_SEARCH_USER_PATHS = NO;
				CLANG_ANALYZER_NONNULL = YES;
				CLANG_CXX_LANGUAGE_STANDARD = "gnu++0x";
				CLANG_CXX_LIBRARY = "libc++";
				CLANG_ENABLE_MODULES = YES;
				CLANG_ENABLE_OBJC_ARC = YES;
				CLANG_WARN_BOOL_CONVERSION = YES;
				CLANG_WARN_CONSTANT_CONVERSION = YES;
				CLANG_WARN_DIRECT_OBJC_ISA_USAGE = YES_ERROR;
				CLANG_WARN_DOCUMENTATION_COMMENTS = YES;
				CLANG_WARN_EMPTY_BODY = YES;
				CLANG_WARN_ENUM_CONVERSION = YES;
				CLANG_WARN_INFINITE_RECURSION = YES;
				CLANG_WARN_INT_CONVERSION = YES;
				CLANG_WARN_OBJC_ROOT_CLASS = YES_ERROR;
				CLANG_WARN_SUSPICIOUS_MOVES = YES;
				CLANG_WARN_UNREACHABLE_CODE = YES;
				CLANG_WARN__DUPLICATE_METHOD_MATCH = YES;
				"CODE_SIGN_IDENTITY[sdk=iphoneos*]" = "iPhone Developer";
				COPY_PHASE_STRIP = NO;
				DEBUG_INFORMATION_FORMAT = "dwarf-with-dsym";
				ENABLE_NS_ASSERTIONS = NO;
				ENABLE_STRICT_OBJC_MSGSEND = YES;
				GCC_C_LANGUAGE_STANDARD = gnu99;
				GCC_NO_COMMON_BLOCKS = YES;
				GCC_WARN_64_TO_32_BIT_CONVERSION = YES;
				GCC_WARN_ABOUT_RETURN_TYPE = YES_ERROR;
				GCC_WARN_UNDECLARED_SELECTOR = YES;
				GCC_WARN_UNINITIALIZED_AUTOS = YES_AGGRESSIVE;
				GCC_WARN_UNUSED_FUNCTION = YES;
				GCC_WARN_UNUSED_VARIABLE = YES;
				IPHONEOS_DEPLOYMENT_TARGET = 10.0;
				MTL_ENABLE_DEBUG_INFO = NO;
				SDKROOT = iphoneos;
				SWIFT_OPTIMIZATION_LEVEL = "-Owholemodule";
				VALIDATE_PRODUCT = YES;
			};
			name = Release;
		};
		9F67A4081E57435E002958A3 /* Debug */ = {
			isa = XCBuildConfiguration;
			buildSettings = {
				ASSETCATALOG_COMPILER_APPICON_NAME = AppIcon;
				DEVELOPMENT_TEAM = GF7ZDB8DRS;
				INFOPLIST_FILE = BlackJack/Info.plist;
				LD_RUNPATH_SEARCH_PATHS = "$(inherited) @executable_path/Frameworks";
				PRODUCT_BUNDLE_IDENTIFIER = edu.case.CBC.jxl175.BlackJack;
				PRODUCT_NAME = "$(TARGET_NAME)";
				SWIFT_VERSION = 3.0;
			};
			name = Debug;
		};
		9F67A4091E57435E002958A3 /* Release */ = {
			isa = XCBuildConfiguration;
			buildSettings = {
				ASSETCATALOG_COMPILER_APPICON_NAME = AppIcon;
				DEVELOPMENT_TEAM = GF7ZDB8DRS;
				INFOPLIST_FILE = BlackJack/Info.plist;
				LD_RUNPATH_SEARCH_PATHS = "$(inherited) @executable_path/Frameworks";
				PRODUCT_BUNDLE_IDENTIFIER = edu.case.CBC.jxl175.BlackJack;
				PRODUCT_NAME = "$(TARGET_NAME)";
				SWIFT_VERSION = 3.0;
			};
			name = Release;
		};
/* End XCBuildConfiguration section */

/* Begin XCConfigurationList section */
		9F67A3F01E57435C002958A3 /* Build configuration list for PBXProject "BlackJack" */ = {
			isa = XCConfigurationList;
			buildConfigurations = (
				9F67A4051E57435E002958A3 /* Debug */,
				9F67A4061E57435E002958A3 /* Release */,
			);
			defaultConfigurationIsVisible = 0;
			defaultConfigurationName = Release;
		};
		9F67A4071E57435E002958A3 /* Build configuration list for PBXNativeTarget "BlackJack" */ = {
			isa = XCConfigurationList;
			buildConfigurations = (
				9F67A4081E57435E002958A3 /* Debug */,
				9F67A4091E57435E002958A3 /* Release */,
			);
			defaultConfigurationIsVisible = 0;
			defaultConfigurationName = Release;
		};
/* End XCConfigurationList section */
	};
	rootObject = 9F67A3ED1E57435C002958A3 /* Project object */;
}
